PODS:
  - SoraFoundation (0.1.0):
    - SoraFoundation/Localization (= 0.1.0)
  - SoraFoundation/Localization (0.1.0):
    - SoraKeystore
  - SoraKeystore (0.1.4)

DEPENDENCIES:
  - SoraFoundation (from `../`)

SPEC REPOS:
  trunk:
    - SoraKeystore

EXTERNAL SOURCES:
  SoraFoundation:
    :path: "../"

SPEC CHECKSUMS:
  SoraFoundation: 1aa0ebf97379cce211ad9daa9629333c840a78cb
  SoraKeystore: 4abb9c667e5294fcb86961d9c2e9aa38889c653c

PODFILE CHECKSUM: 51ed217d5ef84c6418e977a0b897e249b1d94a5e

COCOAPODS: 1.8.4
