PODS:
  - SoraFoundation (0.1.0):
    - SoraFoundation/InMemoryStorage (= 0.1.0)
    - SoraFoundation/Localization (= 0.1.0)
  - SoraFoundation/InMemoryStorage (0.1.0):
    - SoraKeystore
  - SoraFoundation/Localization (0.1.0):
    - SoraKeystore
  - SoraKeystore (0.1.4)

DEPENDENCIES:
  - SoraFoundation (from `../`)

SPEC REPOS:
  trunk:
    - SoraKeystore

EXTERNAL SOURCES:
  SoraFoundation:
    :path: "../"

SPEC CHECKSUMS:
  SoraFoundation: 5228dfd2faddc60c9aab6a047f5044dde36ccec5
  SoraKeystore: 4abb9c667e5294fcb86961d9c2e9aa38889c653c

PODFILE CHECKSUM: 198294870be41184505d04fe761c7588ce600757

COCOAPODS: 1.8.4
